# THIS IS AN AUTOGENERATED FILE. DO NOT EDIT THIS FILE DIRECTLY.
# yarn lockfile v1


"@babel/runtime@^7.11.2", "@babel/runtime@^7.12.5", "@babel/runtime@^7.5.5":
  version "7.17.7"
  resolved "https://registry.yarnpkg.com/@babel/runtime/-/runtime-7.17.7.tgz#a5f3328dc41ff39d803f311cfe17703418cf9825"
  integrity sha512-L6rvG9GDxaLgFjg41K+5Yv9OMrU98sWe+Ykmc6FDJW/+vYZMhdOMKkISgzptMaERHvS2Y2lw9MDRm2gHhlQQoA==
  dependencies:
    regenerator-runtime "^0.13.4"

"@esbuild/android-arm@0.15.10":
  version "0.15.10"
  resolved "https://registry.yarnpkg.com/@esbuild/android-arm/-/android-arm-0.15.10.tgz#a5f9432eb221afc243c321058ef25fe899886892"
  integrity sha512-FNONeQPy/ox+5NBkcSbYJxoXj9GWu8gVGJTVmUyoOCKQFDTrHVKgNSzChdNt0I8Aj/iKcsDf2r9BFwv+FSNUXg==

"@esbuild/linux-loong64@0.15.10":
  version "0.15.10"
  resolved "https://registry.yarnpkg.com/@esbuild/linux-loong64/-/linux-loong64-0.15.10.tgz#78a42897c2cf8db9fd5f1811f7590393b77774c7"
  integrity sha512-w0Ou3Z83LOYEkwaui2M8VwIp+nLi/NA60lBLMvaJ+vXVMcsARYdEzLNE7RSm4+lSg4zq4d7fAVuzk7PNQ5JFgg==

"@nodelib/fs.scandir@2.1.5":
  version "2.1.5"
  resolved "https://registry.yarnpkg.com/@nodelib/fs.scandir/-/fs.scandir-2.1.5.tgz#7619c2eb21b25483f6d167548b4cfd5a7488c3d5"
  integrity sha512-vq24Bq3ym5HEQm2NKCr3yXDwjc7vTsEThRDnkp2DK9p1uqLR+DHurm/NOTo0KG7HYHU7eppKZj3MyqYuMBf62g==
  dependencies:
    "@nodelib/fs.stat" "2.0.5"
    run-parallel "^1.1.9"

"@nodelib/fs.stat@2.0.5", "@nodelib/fs.stat@^2.0.2":
  version "2.0.5"
  resolved "https://registry.yarnpkg.com/@nodelib/fs.stat/-/fs.stat-2.0.5.tgz#5bd262af94e9d25bd1e71b05deed44876a222e8b"
  integrity sha512-RkhPPp2zrqDAQA/2jNhnztcPAlv64XdhIp7a7454A5ovI7Bukxgt7MX7udwAu3zg1DcpPU0rz3VV1SeaqvY4+A==

"@nodelib/fs.walk@^1.2.3":
  version "1.2.8"
  resolved "https://registry.yarnpkg.com/@nodelib/fs.walk/-/fs.walk-1.2.8.tgz#e95737e8bb6746ddedf69c556953494f196fe69a"
  integrity sha512-oGB+UxlgWcgQkgwo8GcEGwemoTFt3FIO9ababBmaGwXIoBKZ+GTy0pP185beGg7Llih/NSHSV2XAs1lnznocSg==
  dependencies:
    "@nodelib/fs.scandir" "2.1.5"
    fastq "^1.6.0"

"@shopify/draggable@^1.0.0-beta.8":
  version "1.0.0-beta.8"
  resolved "https://registry.yarnpkg.com/@shopify/draggable/-/draggable-1.0.0-beta.8.tgz#2eb3c2f72298ce3e53fe16f34ab124cc495cd4fc"
  integrity sha512-9IeBPQM93Ad4qFKUopwuTClzoST/1OId4MaSd/8FB5ScCL2tl25UaOGNR8E2hjiL7xK4LN5+I1Ews6amS7YAiA==

"@types/jquery@^2.0.32":
  version "2.0.54"
  resolved "https://registry.yarnpkg.com/@types/jquery/-/jquery-2.0.54.tgz#d7999245f77c3fab5d84e7d32b8a6c20bfd1f072"
  integrity sha512-D/PomKwNkDfSKD13DEVQT/pq2TUjN54c6uB341fEZanIzkjfGe7UaFuuaLZbpEiS5j7Wk2MUHAZqZIoECw29lg==

"@videojs/http-streaming@2.13.1":
  version "2.13.1"
  resolved "https://registry.yarnpkg.com/@videojs/http-streaming/-/http-streaming-2.13.1.tgz#b7688d91eec969181430e00868b514b16b3b21b7"
  integrity sha512-1x3fkGSPyL0+iaS3/lTvfnPTtfqzfgG+ELQtPPtTvDwqGol9Mx3TNyZwtSTdIufBrqYRn7XybB/3QNMsyjq13A==
  dependencies:
    "@babel/runtime" "^7.12.5"
    "@videojs/vhs-utils" "3.0.4"
    aes-decrypter "3.1.2"
    global "^4.4.0"
    m3u8-parser "4.7.0"
    mpd-parser "0.21.0"
    mux.js "6.0.1"
    video.js "^6 || ^7"

"@videojs/vhs-utils@3.0.4", "@videojs/vhs-utils@^3.0.0", "@videojs/vhs-utils@^3.0.2", "@videojs/vhs-utils@^3.0.4":
  version "3.0.4"
  resolved "https://registry.yarnpkg.com/@videojs/vhs-utils/-/vhs-utils-3.0.4.tgz#e253eecd8e9318f767e752010d213587f94bb03a"
  integrity sha512-hui4zOj2I1kLzDgf8QDVxD3IzrwjS/43KiS8IHQO0OeeSsb4pB/lgNt1NG7Dv0wMQfCccUpMVLGcK618s890Yg==
  dependencies:
    "@babel/runtime" "^7.12.5"
    global "^4.4.0"
    url-toolkit "^2.2.1"

"@videojs/xhr@2.6.0":
  version "2.6.0"
  resolved "https://registry.yarnpkg.com/@videojs/xhr/-/xhr-2.6.0.tgz#cd897e0ad54faf497961bcce3fa16dc15a26bb80"
  integrity sha512-7J361GiN1tXpm+gd0xz2QWr3xNWBE+rytvo8J3KuggFaLg+U37gZQ2BuPLcnkfGffy2e+ozY70RHC8jt7zjA6Q==
  dependencies:
    "@babel/runtime" "^7.5.5"
    global "~4.4.0"
    is-function "^1.0.1"

"@xmldom/xmldom@^0.7.2":
  version "0.7.5"
  resolved "https://registry.yarnpkg.com/@xmldom/xmldom/-/xmldom-0.7.5.tgz#09fa51e356d07d0be200642b0e4f91d8e6dd408d"
  integrity sha512-V3BIhmY36fXZ1OtVcI9W+FxQqxVLsPKcNjWigIaa81dLC9IolJl5Mt4Cvhmr0flUnjSpTdrbMTSbXqYqV5dT6A==

aes-decrypter@3.1.2:
  version "3.1.2"
  resolved "https://registry.yarnpkg.com/aes-decrypter/-/aes-decrypter-3.1.2.tgz#3545546f8e9f6b878640339a242efe221ba7a7cb"
  integrity sha512-42nRwfQuPRj9R1zqZBdoxnaAmnIFyDi0MNyTVhjdFOd8fifXKKRfwIHIZ6AMn1or4x5WONzjwRTbTWcsIQ0O4A==
  dependencies:
    "@babel/runtime" "^7.12.5"
    "@videojs/vhs-utils" "^3.0.0"
    global "^4.4.0"
    pkcs7 "^1.0.4"

argparse@^1.0.7:
  version "1.0.10"
  resolved "https://registry.yarnpkg.com/argparse/-/argparse-1.0.10.tgz#bcd6791ea5ae09725e17e5ad988134cd40b3d911"
  integrity sha512-o5Roy6tNG4SL/FOkCAN6RzjiakZS25RLYFrcMttJqbdd8BWrnA+fGz57iN5Pb06pvBGvl5gQ0B48dJlslXvoTg==
  dependencies:
    sprintf-js "~1.0.2"

braces@^3.0.2:
  version "3.0.2"
  resolved "https://registry.yarnpkg.com/braces/-/braces-3.0.2.tgz#3454e1a462ee8d599e236df336cd9ea4f8afe107"
  integrity sha512-b8um+L1RzM3WDSzvhm6gIz1yfTbBt6YTlcEKAvsmqCZZFw46z626lVj9j1yEPW33H5H+lBQpZMP1k8l+78Ha0A==
  dependencies:
    fill-range "^7.0.1"

debug@^4.3.4:
  version "4.3.4"
  resolved "https://registry.yarnpkg.com/debug/-/debug-4.3.4.tgz#1319f6579357f2338d3337d2cdd4914bb5dcc865"
  integrity sha512-PRWFHuSU3eDtQJPvnNY7Jcket1j0t5OuOsFzPPzsekD52Zl8qUfFIPEiswXqIvHWGVHOgX+7G/vCNNhehwxfkQ==
  dependencies:
    ms "2.1.2"

devbridge-autocomplete@^1.4.10:
  version "1.4.11"
  resolved "https://registry.yarnpkg.com/devbridge-autocomplete/-/devbridge-autocomplete-1.4.11.tgz#05424a675711a9c3ad118c98de0a22180944b00f"
  integrity sha512-lRU1y9IKyPm45NKDMcujszJoftw+wqxKbtcNJoMx+LywJQJdDwjg/s4lwLYR4vyQQ6VTcUaIeveLMkZTqorBIA==
  dependencies:
    "@types/jquery" "^2.0.32"
    jquery ">=1.7"

dom-walk@^0.1.0:
  version "0.1.2"
  resolved "https://registry.yarnpkg.com/dom-walk/-/dom-walk-0.1.2.tgz#0c548bef048f4d1f2a97249002236060daa3fd84"
  integrity sha512-6QvTW9mrGeIegrFXdtQi9pk7O/nSK6lSdXW2eqUspN5LWD7UTji2Fqw5V2YLjBpHEoU9Xl/eUWNpDeZvoyOv2w==

domready@^1.0.8:
  version "1.0.8"
  resolved "https://registry.yarnpkg.com/domready/-/domready-1.0.8.tgz#91f252e597b65af77e745ae24dd0185d5e26d58c"
  integrity sha1-kfJS5Ze2Wvd+dFriTdAYXV4m1Yw=

esbuild-android-64@0.15.10:
  version "0.15.10"
  resolved "https://registry.yarnpkg.com/esbuild-android-64/-/esbuild-android-64-0.15.10.tgz#8a59a84acbf2eca96996cadc35642cf055c494f0"
  integrity sha512-UI7krF8OYO1N7JYTgLT9ML5j4+45ra3amLZKx7LO3lmLt1Ibn8t3aZbX5Pu4BjWiqDuJ3m/hsvhPhK/5Y/YpnA==

esbuild-android-arm64@0.15.10:
  version "0.15.10"
  resolved "https://registry.yarnpkg.com/esbuild-android-arm64/-/esbuild-android-arm64-0.15.10.tgz#f453851dc1d8c5409a38cf7613a33852faf4915d"
  integrity sha512-EOt55D6xBk5O05AK8brXUbZmoFj4chM8u3riGflLa6ziEoVvNjRdD7Cnp82NHQGfSHgYR06XsPI8/sMuA/cUwg==

esbuild-darwin-64@0.15.10:
  version "0.15.10"
  resolved "https://registry.yarnpkg.com/esbuild-darwin-64/-/esbuild-darwin-64-0.15.10.tgz#778bd29c8186ff47b176c8af58c08cf0fb8e6b86"
  integrity sha512-hbDJugTicqIm+WKZgp208d7FcXcaK8j2c0l+fqSJ3d2AzQAfjEYDRM3Z2oMeqSJ9uFxyj/muSACLdix7oTstRA==

esbuild-darwin-arm64@0.15.10:
  version "0.15.10"
  resolved "https://registry.yarnpkg.com/esbuild-darwin-arm64/-/esbuild-darwin-arm64-0.15.10.tgz#b30bbefb46dc3c5d4708b0435e52f6456578d6df"
  integrity sha512-M1t5+Kj4IgSbYmunf2BB6EKLkWUq+XlqaFRiGOk8bmBapu9bCDrxjf4kUnWn59Dka3I27EiuHBKd1rSO4osLFQ==

esbuild-freebsd-64@0.15.10:
  version "0.15.10"
  resolved "https://registry.yarnpkg.com/esbuild-freebsd-64/-/esbuild-freebsd-64-0.15.10.tgz#ab301c5f6ded5110dbdd611140bef1a7c2e99236"
  integrity sha512-KMBFMa7C8oc97nqDdoZwtDBX7gfpolkk6Bcmj6YFMrtCMVgoU/x2DI1p74DmYl7CSS6Ppa3xgemrLrr5IjIn0w==

esbuild-freebsd-arm64@0.15.10:
  version "0.15.10"
  resolved "https://registry.yarnpkg.com/esbuild-freebsd-arm64/-/esbuild-freebsd-arm64-0.15.10.tgz#a5b09b867a6ff49110f52343b6f12265db63d43f"
  integrity sha512-m2KNbuCX13yQqLlbSojFMHpewbn8wW5uDS6DxRpmaZKzyq8Dbsku6hHvh2U+BcLwWY4mpgXzFUoENEf7IcioGg==

esbuild-linux-32@0.15.10:
  version "0.15.10"
  resolved "https://registry.yarnpkg.com/esbuild-linux-32/-/esbuild-linux-32-0.15.10.tgz#5282fe9915641caf9c8070e4ba2c3e16d358f837"
  integrity sha512-guXrwSYFAvNkuQ39FNeV4sNkNms1bLlA5vF1H0cazZBOLdLFIny6BhT+TUbK/hdByMQhtWQ5jI9VAmPKbVPu1w==

esbuild-linux-64@0.15.10:
  version "0.15.10"
  resolved "https://registry.yarnpkg.com/esbuild-linux-64/-/esbuild-linux-64-0.15.10.tgz#f3726e85a00149580cb19f8abfabcbb96f5d52bb"
  integrity sha512-jd8XfaSJeucMpD63YNMO1JCrdJhckHWcMv6O233bL4l6ogQKQOxBYSRP/XLWP+6kVTu0obXovuckJDcA0DKtQA==

esbuild-linux-arm64@0.15.10:
  version "0.15.10"
  resolved "https://registry.yarnpkg.com/esbuild-linux-arm64/-/esbuild-linux-arm64-0.15.10.tgz#2f0056e9d5286edb0185b56655caa8c574d8dbe7"
  integrity sha512-GByBi4fgkvZFTHFDYNftu1DQ1GzR23jws0oWyCfhnI7eMOe+wgwWrc78dbNk709Ivdr/evefm2PJiUBMiusS1A==

esbuild-linux-arm@0.15.10:
  version "0.15.10"
  resolved "https://registry.yarnpkg.com/esbuild-linux-arm/-/esbuild-linux-arm-0.15.10.tgz#40a9270da3c8ffa32cf72e24a79883e323dff08d"
  integrity sha512-6N8vThLL/Lysy9y4Ex8XoLQAlbZKUyExCWyayGi2KgTBelKpPgj6RZnUaKri0dHNPGgReJriKVU6+KDGQwn10A==

esbuild-linux-mips64le@0.15.10:
  version "0.15.10"
  resolved "https://registry.yarnpkg.com/esbuild-linux-mips64le/-/esbuild-linux-mips64le-0.15.10.tgz#90ce1c4ee0202edb4ac69807dea77f7e5804abc4"
  integrity sha512-BxP+LbaGVGIdQNJUNF7qpYjEGWb0YyHVSKqYKrn+pTwH/SiHUxFyJYSP3pqkku61olQiSBnSmWZ+YUpj78Tw7Q==

esbuild-linux-ppc64le@0.15.10:
  version "0.15.10"
  resolved "https://registry.yarnpkg.com/esbuild-linux-ppc64le/-/esbuild-linux-ppc64le-0.15.10.tgz#782837ae7bd5b279178106c9dd801755a21fabdf"
  integrity sha512-LoSQCd6498PmninNgqd/BR7z3Bsk/mabImBWuQ4wQgmQEeanzWd5BQU2aNi9mBURCLgyheuZS6Xhrw5luw3OkQ==

esbuild-linux-riscv64@0.15.10:
  version "0.15.10"
  resolved "https://registry.yarnpkg.com/esbuild-linux-riscv64/-/esbuild-linux-riscv64-0.15.10.tgz#d7420d806ece5174f24f4634303146f915ab4207"
  integrity sha512-Lrl9Cr2YROvPV4wmZ1/g48httE8z/5SCiXIyebiB5N8VT7pX3t6meI7TQVHw/wQpqP/AF4SksDuFImPTM7Z32Q==

esbuild-linux-s390x@0.15.10:
  version "0.15.10"
  resolved "https://registry.yarnpkg.com/esbuild-linux-s390x/-/esbuild-linux-s390x-0.15.10.tgz#21fdf0cb3494a7fb520a71934e4dffce67fe47be"
  integrity sha512-ReP+6q3eLVVP2lpRrvl5EodKX7EZ1bS1/z5j6hsluAlZP5aHhk6ghT6Cq3IANvvDdscMMCB4QEbI+AjtvoOFpA==

esbuild-netbsd-64@0.15.10:
  version "0.15.10"
  resolved "https://registry.yarnpkg.com/esbuild-netbsd-64/-/esbuild-netbsd-64-0.15.10.tgz#6c06b3107e3df53de381e6299184d4597db0440f"
  integrity sha512-iGDYtJCMCqldMskQ4eIV+QSS/CuT7xyy9i2/FjpKvxAuCzrESZXiA1L64YNj6/afuzfBe9i8m/uDkFHy257hTw==

esbuild-openbsd-64@0.15.10:
  version "0.15.10"
  resolved "https://registry.yarnpkg.com/esbuild-openbsd-64/-/esbuild-openbsd-64-0.15.10.tgz#4daef5f5d8e74bbda53b65160029445d582570cf"
  integrity sha512-ftMMIwHWrnrYnvuJQRJs/Smlcb28F9ICGde/P3FUTCgDDM0N7WA0o9uOR38f5Xe2/OhNCgkjNeb7QeaE3cyWkQ==

esbuild-sunos-64@0.15.10:
  version "0.15.10"
  resolved "https://registry.yarnpkg.com/esbuild-sunos-64/-/esbuild-sunos-64-0.15.10.tgz#5fe7bef267a02f322fd249a8214d0274937388a7"
  integrity sha512-mf7hBL9Uo2gcy2r3rUFMjVpTaGpFJJE5QTDDqUFf1632FxteYANffDZmKbqX0PfeQ2XjUDE604IcE7OJeoHiyg==

esbuild-windows-32@0.15.10:
  version "0.15.10"
  resolved "https://registry.yarnpkg.com/esbuild-windows-32/-/esbuild-windows-32-0.15.10.tgz#48e3dde25ab0135579a288b30ab6ddef6d1f0b28"
  integrity sha512-ttFVo+Cg8b5+qHmZHbEc8Vl17kCleHhLzgT8X04y8zudEApo0PxPg9Mz8Z2cKH1bCYlve1XL8LkyXGFjtUYeGg==

esbuild-windows-64@0.15.10:
  version "0.15.10"
  resolved "https://registry.yarnpkg.com/esbuild-windows-64/-/esbuild-windows-64-0.15.10.tgz#387a9515bef3fee502d277a5d0a2db49a4ecda05"
  integrity sha512-2H0gdsyHi5x+8lbng3hLbxDWR7mKHWh5BXZGKVG830KUmXOOWFE2YKJ4tHRkejRduOGDrBvHBriYsGtmTv3ntA==

esbuild-windows-arm64@0.15.10:
  version "0.15.10"
  resolved "https://registry.yarnpkg.com/esbuild-windows-arm64/-/esbuild-windows-arm64-0.15.10.tgz#5a6fcf2fa49e895949bf5495cf088ab1b43ae879"
  integrity sha512-S+th4F+F8VLsHLR0zrUcG+Et4hx0RKgK1eyHc08kztmLOES8BWwMiaGdoW9hiXuzznXQ0I/Fg904MNbr11Nktw==

esbuild@^0.15.9:
  version "0.15.10"
  resolved "https://registry.yarnpkg.com/esbuild/-/esbuild-0.15.10.tgz#85c2f8446e9b1fe04fae68daceacba033eedbd42"
  integrity sha512-N7wBhfJ/E5fzn/SpNgX+oW2RLRjwaL8Y0ezqNqhjD6w0H2p0rDuEz2FKZqpqLnO8DCaWumKe8dsC/ljvVSSxng==
  optionalDependencies:
    "@esbuild/android-arm" "0.15.10"
    "@esbuild/linux-loong64" "0.15.10"
    esbuild-android-64 "0.15.10"
    esbuild-android-arm64 "0.15.10"
    esbuild-darwin-64 "0.15.10"
    esbuild-darwin-arm64 "0.15.10"
    esbuild-freebsd-64 "0.15.10"
    esbuild-freebsd-arm64 "0.15.10"
    esbuild-linux-32 "0.15.10"
    esbuild-linux-64 "0.15.10"
    esbuild-linux-arm "0.15.10"
    esbuild-linux-arm64 "0.15.10"
    esbuild-linux-mips64le "0.15.10"
    esbuild-linux-ppc64le "0.15.10"
    esbuild-linux-riscv64 "0.15.10"
    esbuild-linux-s390x "0.15.10"
    esbuild-netbsd-64 "0.15.10"
    esbuild-openbsd-64 "0.15.10"
    esbuild-sunos-64 "0.15.10"
    esbuild-windows-32 "0.15.10"
    esbuild-windows-64 "0.15.10"
    esbuild-windows-arm64 "0.15.10"

esprima@^4.0.0:
  version "4.0.1"
  resolved "https://registry.yarnpkg.com/esprima/-/esprima-4.0.1.tgz#13b04cdb3e6c5d19df91ab6987a8695619b0aa71"
  integrity sha512-eGuFFw7Upda+g4p+QHvnW0RyTX/SVeJBDM/gCtMARO0cLuT2HcEKnTPvhjV6aGeqrCB/sbNop0Kszm0jsaWU4A==

fast-glob@^3.2.11:
  version "3.2.12"
  resolved "https://registry.yarnpkg.com/fast-glob/-/fast-glob-3.2.12.tgz#7f39ec99c2e6ab030337142da9e0c18f37afae80"
  integrity sha512-DVj4CQIYYow0BlaelwK1pHl5n5cRSJfM60UA0zK891sVInoPri2Ekj7+e1CT3/3qxXenpI+nBBmQAcJPJgaj4w==
  dependencies:
    "@nodelib/fs.stat" "^2.0.2"
    "@nodelib/fs.walk" "^1.2.3"
    glob-parent "^5.1.2"
    merge2 "^1.3.0"
    micromatch "^4.0.4"

fastq@^1.6.0:
  version "1.13.0"
  resolved "https://registry.yarnpkg.com/fastq/-/fastq-1.13.0.tgz#616760f88a7526bdfc596b7cab8c18938c36b98c"
  integrity sha512-YpkpUnK8od0o1hmeSc7UUs/eB/vIPWJYjKck2QKIzAf71Vm1AAQ3EbuZB3g2JIy+pg+ERD0vqI79KyZiB2e2Nw==
  dependencies:
    reusify "^1.0.4"

fill-range@^7.0.1:
  version "7.0.1"
  resolved "https://registry.yarnpkg.com/fill-range/-/fill-range-7.0.1.tgz#1919a6a7c75fe38b2c7c77e5198535da9acdda40"
  integrity sha512-qOo9F+dMUmC2Lcb4BbVvnKJxTPjCm+RRpe4gDuGrzkL7mEVl/djYSu2OdQ2Pa302N4oqkSg9ir6jaLWJ2USVpQ==
  dependencies:
    to-regex-range "^5.0.1"

fsevents@~2.3.2:
  version "2.3.2"
  resolved "https://registry.yarnpkg.com/fsevents/-/fsevents-2.3.2.tgz#8a526f78b8fdf4623b709e0b975c52c24c02fd1a"
  integrity sha512-xiqMQR4xAeHTuB9uWm+fFRcIOgKBMiOBP+eXiyT7jsgVCq1bkVygt00oASowB7EdtpOHaaPgKt812P9ab+DDKA==

function-bind@^1.1.1:
  version "1.1.1"
  resolved "https://registry.yarnpkg.com/function-bind/-/function-bind-1.1.1.tgz#a56899d3ea3c9bab874bb9773b7c5ede92f4895d"
  integrity sha512-yIovAzMX49sF8Yl58fSCWJ5svSLuaibPxXQJFLmBObTuCr0Mf1KiPopGM9NiFjiYBCbfaa2Fh6breQ6ANVTI0A==

glob-parent@^5.1.2:
  version "5.1.2"
  resolved "https://registry.yarnpkg.com/glob-parent/-/glob-parent-5.1.2.tgz#869832c58034fe68a4093c17dc15e8340d8401c4"
  integrity sha512-AOIgSQCepiJYwP3ARnGx+5VnTu2HBYdzbGP45eLw1vr3zB3vZLeyed1sC9hnbcOc9/SrMyM5RPQrkGz4aS9Zow==
  dependencies:
    is-glob "^4.0.1"

global@^4.3.1, global@^4.4.0, global@~4.4.0:
  version "4.4.0"
  resolved "https://registry.yarnpkg.com/global/-/global-4.4.0.tgz#3e7b105179006a323ed71aafca3e9c57a5cc6406"
  integrity sha512-wv/LAoHdRE3BeTGz53FAamhGlPLhlssK45usmGFThIi4XqnBmjKQ16u+RNbP7WvigRZDxUsM0J3gcQ5yicaL0w==
  dependencies:
    min-document "^2.19.0"
    process "^0.11.10"

has@^1.0.3:
  version "1.0.3"
  resolved "https://registry.yarnpkg.com/has/-/has-1.0.3.tgz#722d7cbfc1f6aa8241f16dd814e011e1f41e8796"
  integrity sha512-f2dvO0VU6Oej7RkWJGrehjbzMAjFp5/VKPp5tTpWIV4JHHZK1/BxbFRtf/siA2SWTe09caDmVtYYzWEIbBS4zw==
  dependencies:
    function-bind "^1.1.1"

individual@^2.0.0:
  version "2.0.0"
  resolved "https://registry.yarnpkg.com/individual/-/individual-2.0.0.tgz#833b097dad23294e76117a98fb38e0d9ad61bb97"
  integrity sha1-gzsJfa0jKU52EXqY+zjg2a1hu5c=

is-core-module@^2.9.0:
  version "2.10.0"
  resolved "https://registry.yarnpkg.com/is-core-module/-/is-core-module-2.10.0.tgz#9012ede0a91c69587e647514e1d5277019e728ed"
  integrity sha512-Erxj2n/LDAZ7H8WNJXd9tw38GYM3dv8rk8Zcs+jJuxYTW7sozH+SS8NtrSjVL1/vpLvWi1hxy96IzjJ3EHTJJg==
  dependencies:
    has "^1.0.3"

is-extglob@^2.1.1:
  version "2.1.1"
  resolved "https://registry.yarnpkg.com/is-extglob/-/is-extglob-2.1.1.tgz#a88c02535791f02ed37c76a1b9ea9773c833f8c2"
  integrity sha1-qIwCU1eR8C7TfHahueqXc8gz+MI=

is-function@^1.0.1:
  version "1.0.2"
  resolved "https://registry.yarnpkg.com/is-function/-/is-function-1.0.2.tgz#4f097f30abf6efadac9833b17ca5dc03f8144e08"
  integrity sha512-lw7DUp0aWXYg+CBCN+JKkcE0Q2RayZnSvnZBlwgxHBQhqt5pZNVy4Ri7H9GmmXkdu7LUthszM+Tor1u/2iBcpQ==

is-glob@^4.0.1:
  version "4.0.1"
  resolved "https://registry.yarnpkg.com/is-glob/-/is-glob-4.0.1.tgz#7567dbe9f2f5e2467bc77ab83c4a29482407a5dc"
  integrity sha512-5G0tKtBTFImOqDnLB2hG6Bp2qcKEFduo4tZu9MT/H6NQv/ghhy30o55ufafxJ/LdH79LLs2Kfrn85TLKyA7BUg==
  dependencies:
    is-extglob "^2.1.1"

is-number@^7.0.0:
  version "7.0.0"
  resolved "https://registry.yarnpkg.com/is-number/-/is-number-7.0.0.tgz#7535345b896734d5f80c4d06c50955527a14f12b"
  integrity sha512-41Cifkg6e8TylSpdtTpeLVMqvSBEVzTttHvERD741+pnZ8ANv0004MRL43QKPDlK9cGvNp6NZWZUBlbGXYxxng==

jquery@>=1.7:
  version "3.5.1"
  resolved "https://registry.yarnpkg.com/jquery/-/jquery-3.5.1.tgz#d7b4d08e1bfdb86ad2f1a3d039ea17304717abb5"
  integrity sha512-XwIBPqcMn57FxfT+Go5pzySnm4KWkT1Tv7gjrpT1srtf8Weynl6R273VJ5GjkRb51IzMp5nbaPjJXMWeju2MKg==

"jquery@^ 3.6.0":
  version "3.6.1"
  resolved "https://registry.yarnpkg.com/jquery/-/jquery-3.6.1.tgz#fab0408f8b45fc19f956205773b62b292c147a16"
  integrity sha512-opJeO4nCucVnsjiXOE+/PcCgYw9Gwpvs/a6B1LL/lQhwWwpbVEVYDZ1FokFr8PRc7ghYlrFPuyHuiiDNTQxmcw==

"js-yaml@>= 3.13.1":
  version "3.14.0"
  resolved "https://registry.yarnpkg.com/js-yaml/-/js-yaml-3.14.0.tgz#a7a34170f26a21bb162424d8adacb4113a69e482"
  integrity sha512-/4IbIeHcD9VMHFqDR/gQ7EdZdLimOvW2DdcxFjdyyZ9NsbS+ccrXqVWDtab/lRl5AlUqmpBx8EhPaWR+OtY17A==
  dependencies:
    argparse "^1.0.7"
    esprima "^4.0.0"

keycode@^2.2.0:
  version "2.2.1"
  resolved "https://registry.yarnpkg.com/keycode/-/keycode-2.2.1.tgz#09c23b2be0611d26117ea2501c2c391a01f39eff"
  integrity sha512-Rdgz9Hl9Iv4QKi8b0OlCRQEzp4AgVxyCtz5S/+VIHezDmrDhkp2N2TqBWOLz0/gbeREXOOiI9/4b8BY9uw2vFg==

lazysizes@^5.1.0:
  version "5.2.2"
  resolved "https://registry.yarnpkg.com/lazysizes/-/lazysizes-5.2.2.tgz#800e5914725fef1863bd9a1e19e1bb423c536f8b"
  integrity sha512-fYgOv1Y35M86/7qyAdPPqoOhuyZrjxEAPxqwToRY2bO/PoBJ4lSqZYuZoavNp6eyuLpIAdHodpsPfj2Lkt86FQ==

m3u8-parser@4.7.0:
  version "4.7.0"
  resolved "https://registry.yarnpkg.com/m3u8-parser/-/m3u8-parser-4.7.0.tgz#e01e8ce136098ade1b14ee691ea20fc4dc60abf6"
  integrity sha512-48l/OwRyjBm+QhNNigEEcRcgbRvnUjL7rxs597HmW9QSNbyNvt+RcZ9T/d9vxi9A9z7EZrB1POtZYhdRlwYQkQ==
  dependencies:
    "@babel/runtime" "^7.12.5"
    "@videojs/vhs-utils" "^3.0.0"
    global "^4.4.0"

merge2@^1.3.0:
  version "1.4.1"
  resolved "https://registry.yarnpkg.com/merge2/-/merge2-1.4.1.tgz#4368892f885e907455a6fd7dc55c0c9d404990ae"
  integrity sha512-8q7VEgMJW4J8tcfVPy8g09NcQwZdbwFEqhe/WZkoIzjn/3TGDwtOCYtXGxA3O8tPzpczCCDgv+P2P5y00ZJOOg==

micromatch@^4.0.4:
  version "4.0.5"
  resolved "https://registry.yarnpkg.com/micromatch/-/micromatch-4.0.5.tgz#bc8999a7cbbf77cdc89f132f6e467051b49090c6"
  integrity sha512-DMy+ERcEW2q8Z2Po+WNXuw3c5YaUSFjAO5GsJqfEl7UjvtIuFKO6ZrKvcItdy98dwFI2N1tg3zNIdKaQT+aNdA==
  dependencies:
    braces "^3.0.2"
    picomatch "^2.3.1"

min-document@^2.19.0:
  version "2.19.0"
  resolved "https://registry.yarnpkg.com/min-document/-/min-document-2.19.0.tgz#7bd282e3f5842ed295bb748cdd9f1ffa2c824685"
  integrity sha1-e9KC4/WELtKVu3SM3Z8f+iyCRoU=
  dependencies:
    dom-walk "^0.1.0"

mpd-parser@0.21.0:
  version "0.21.0"
  resolved "https://registry.yarnpkg.com/mpd-parser/-/mpd-parser-0.21.0.tgz#c2036cce19522383b93c973180fdd82cd646168e"
  integrity sha512-NbpMJ57qQzFmfCiP1pbL7cGMbVTD0X1hqNgL0VYP1wLlZXLf/HtmvQpNkOA1AHkPVeGQng+7/jEtSvNUzV7Gdg==
  dependencies:
    "@babel/runtime" "^7.12.5"
    "@videojs/vhs-utils" "^3.0.2"
    "@xmldom/xmldom" "^0.7.2"
    global "^4.4.0"

ms@2.1.2:
  version "2.1.2"
  resolved "https://registry.yarnpkg.com/ms/-/ms-2.1.2.tgz#d09d1f357b443f493382a8eb3ccd183872ae6009"
  integrity sha512-sGkPx+VjMtmA6MX27oA4FBFELFCZZ4S4XqeGOXCv68tT+jb3vk/RyaKWP0PTKyWtmLSM0b+adUTEvbs1PEaH2w==

mux.js@6.0.1:
  version "6.0.1"
  resolved "https://registry.yarnpkg.com/mux.js/-/mux.js-6.0.1.tgz#65ce0f7a961d56c006829d024d772902d28c7755"
  integrity sha512-22CHb59rH8pWGcPGW5Og7JngJ9s+z4XuSlYvnxhLuc58cA1WqGDQPzuG8I+sPm1/p0CdgpzVTaKW408k5DNn8w==
  dependencies:
    "@babel/runtime" "^7.11.2"
    global "^4.4.0"

nanoid@^3.3.4:
  version "3.3.4"
  resolved "https://registry.yarnpkg.com/nanoid/-/nanoid-3.3.4.tgz#730b67e3cd09e2deacf03c027c81c9d9dbc5e8ab"
  integrity sha512-MqBkQh/OHTS2egovRtLk45wEyNXwF+cokD+1YPf9u5VfJiRdAiRwB2froX5Co9Rh20xs4siNPm8naNotSD6RBw==

openseadragon@^2.4.1:
  version "2.4.2"
  resolved "https://registry.yarnpkg.com/openseadragon/-/openseadragon-2.4.2.tgz#f25d833d0ab9941599d65a3e2b44bec546c9f15c"
  integrity sha512-398KbZwRtOYA6OmeWRY4Q0737NTacQ9Q6whmr9Lp1MNQO3p0eBz5LIASRne+4gwequcSM1vcHcjfy3dIndQziw==

path-parse@^1.0.7:
  version "1.0.7"
  resolved "https://registry.yarnpkg.com/path-parse/-/path-parse-1.0.7.tgz#fbc114b60ca42b30d9daf5858e4bd68bbedb6735"
  integrity sha512-LDJzPVEEEPR+y48z93A0Ed0yXb8pAByGWo/k5YYdYgpY2/2EsOsksJrq7lOHxryrVOn1ejG6oAp8ahvOIQD8sw==

picocolors@^1.0.0:
  version "1.0.0"
  resolved "https://registry.yarnpkg.com/picocolors/-/picocolors-1.0.0.tgz#cb5bdc74ff3f51892236eaf79d68bc44564ab81c"
  integrity sha512-1fygroTLlHu66zi26VoTDv8yRgm0Fccecssto+MhsZ0D/DGW2sm8E8AjW7NU5VVTRt5GxbeZ5qBuJr+HyLYkjQ==

picomatch@^2.3.1:
  version "2.3.1"
  resolved "https://registry.yarnpkg.com/picomatch/-/picomatch-2.3.1.tgz#3ba3833733646d9d3e4995946c1365a67fb07a42"
  integrity sha512-JU3teHTNjmE2VCGFzuY8EXzCDVwEqB2a8fsIvwaStHhAWJEeVd1o1QD80CU6+ZdEXXSLbSsuLwJjkCBWqRQUVA==

pkcs7@^1.0.4:
  version "1.0.4"
  resolved "https://registry.yarnpkg.com/pkcs7/-/pkcs7-1.0.4.tgz#6090b9e71160dabf69209d719cbafa538b00a1cb"
  integrity sha512-afRERtHn54AlwaF2/+LFszyAANTCggGilmcmILUzEjvs3XgFZT+xE6+QWQcAGmu4xajy+Xtj7acLOPdx5/eXWQ==
  dependencies:
    "@babel/runtime" "^7.5.5"

"popper.js@^ 1.16.1":
  version "1.16.1"
  resolved "https://registry.yarnpkg.com/popper.js/-/popper.js-1.16.1.tgz#2a223cb3dc7b6213d740e40372be40de43e65b1b"
  integrity sha512-Wb4p1J4zyFTbM+u6WuO4XstYx4Ky9Cewe4DWrel7B0w6VVICvPwdOpotjzcf6eD8TsckVnIMNONQyPIUFOUbCQ==

postcss@^8.4.16:
  version "8.4.18"
  resolved "https://registry.yarnpkg.com/postcss/-/postcss-8.4.18.tgz#6d50046ea7d3d66a85e0e782074e7203bc7fbca2"
  integrity sha512-Wi8mWhncLJm11GATDaQKobXSNEYGUHeQLiQqDFG1qQ5UTDPTEvKw0Xt5NsTpktGTwLps3ByrWsBrG0rB8YQ9oA==
  dependencies:
    nanoid "^3.3.4"
    picocolors "^1.0.0"
    source-map-js "^1.0.2"

process@^0.11.10:
  version "0.11.10"
  resolved "https://registry.yarnpkg.com/process/-/process-0.11.10.tgz#7332300e840161bda3e69a1d1d91a7d4bc16f182"
  integrity sha512-cdGef/drWFoydD1JsMzuFf8100nZl+GT+yacc2bEced5f9Rjk4z+WtFUTBu9PhOi9j/jfmBPu0mMEY4wIdAF8A==

queue-microtask@^1.2.2:
  version "1.2.3"
  resolved "https://registry.yarnpkg.com/queue-microtask/-/queue-microtask-1.2.3.tgz#4929228bbc724dfac43e0efb058caf7b6cfb6243"
  integrity sha512-NuaNSa6flKT5JaSYQzJok04JzTL1CA6aGhv5rfLW3PgqA+M2ChpZQnAC8h8i4ZFkBS8X5RqkDBHA7r4hej3K9A==

regenerator-runtime@^0.13.4:
  version "0.13.7"
  resolved "https://registry.yarnpkg.com/regenerator-runtime/-/regenerator-runtime-0.13.7.tgz#cac2dacc8a1ea675feaabaeb8ae833898ae46f55"
  integrity sha512-a54FxoJDIr27pgf7IgeQGxmqUNYrcV338lf/6gH456HZ/PhX+5BcwHXG9ajESmwe6WRO0tAzRUrRmNONWgkrew==

resolve@^1.22.1:
  version "1.22.1"
  resolved "https://registry.yarnpkg.com/resolve/-/resolve-1.22.1.tgz#27cb2ebb53f91abb49470a928bba7558066ac177"
  integrity sha512-nBpuuYuY5jFsli/JIs1oldw6fOQCBioohqWZg/2hiaOybXOft4lonv85uDOKXdf8rhyK159cxU5cDcK/NKk8zw==
  dependencies:
    is-core-module "^2.9.0"
    path-parse "^1.0.7"
    supports-preserve-symlinks-flag "^1.0.0"

reusify@^1.0.4:
  version "1.0.4"
  resolved "https://registry.yarnpkg.com/reusify/-/reusify-1.0.4.tgz#90da382b1e126efc02146e90845a88db12925d76"
  integrity sha512-U9nH88a3fc/ekCF1l0/UP1IosiuIjyTh7hBvXVMHYgVcfGvt897Xguj2UOLDeI5BG2m7/uwyaLVT6fbtCwTyzw==

rollup-plugin-gzip@^3.0.1:
  version "3.0.1"
  resolved "https://registry.yarnpkg.com/rollup-plugin-gzip/-/rollup-plugin-gzip-3.0.1.tgz#871c5df5cbdf7e0c54a512e166761de55ea87dc2"
  integrity sha512-yzyrbe5cn/3yTqtGpVb+0kQXiqKLZpNpRTGpItc11b8c9IhawpjZPPLMkh1Q7gl6UsHIVjcw9LeEdvom9H3klw==

rollup@~2.78.0:
  version "2.78.1"
  resolved "https://registry.yarnpkg.com/rollup/-/rollup-2.78.1.tgz#52fe3934d9c83cb4f7c4cb5fb75d88591be8648f"
  integrity sha512-VeeCgtGi4P+o9hIg+xz4qQpRl6R401LWEXBmxYKOV4zlF82lyhgh2hTZnheFUbANE8l2A41F458iwj2vEYaXJg==
  optionalDependencies:
    fsevents "~2.3.2"

run-parallel@^1.1.9:
  version "1.2.0"
  resolved "https://registry.yarnpkg.com/run-parallel/-/run-parallel-1.2.0.tgz#66d1368da7bdf921eb9d95bd1a9229e7f21a43ee"
  integrity sha512-5l4VyZR86LZ/lDxZTR6jqL8AFE2S0IFLMP26AbjsLVADxHdhB/c0GUsH+y39UfCi3dzz8OlQuPmnaJOMoDHQBA==
  dependencies:
    queue-microtask "^1.2.2"

rust-result@^1.0.0:
  version "1.0.0"
  resolved "https://registry.yarnpkg.com/rust-result/-/rust-result-1.0.0.tgz#34c75b2e6dc39fe5875e5bdec85b5e0f91536f72"
  integrity sha1-NMdbLm3Dn+WHXlveyFteD5FTb3I=
  dependencies:
    individual "^2.0.0"

safe-json-parse@4.0.0:
  version "4.0.0"
  resolved "https://registry.yarnpkg.com/safe-json-parse/-/safe-json-parse-4.0.0.tgz#7c0f578cfccd12d33a71c0e05413e2eca171eaac"
  integrity sha1-fA9XjPzNEtM6ccDgVBPi7KFx6qw=
  dependencies:
    rust-result "^1.0.0"

source-map-js@^1.0.2:
  version "1.0.2"
  resolved "https://registry.yarnpkg.com/source-map-js/-/source-map-js-1.0.2.tgz#adbc361d9c62df380125e7f161f71c826f1e490c"
  integrity sha512-R0XvVJ9WusLiqTCEiGCmICCMplcCkIwwR11mOSD9CR5u+IXYdiseeEuXCVAjS54zqwkLcPNnmU4OeJ6tUrWhDw==

sprintf-js@~1.0.2:
  version "1.0.3"
  resolved "https://registry.yarnpkg.com/sprintf-js/-/sprintf-js-1.0.3.tgz#04e6926f662895354f3dd015203633b857297e2c"
  integrity sha1-BOaSb2YolTVPPdAVIDYzuFcpfiw=

supports-preserve-symlinks-flag@^1.0.0:
  version "1.0.0"
  resolved "https://registry.yarnpkg.com/supports-preserve-symlinks-flag/-/supports-preserve-symlinks-flag-1.0.0.tgz#6eda4bd344a3c94aea376d4cc31bc77311039e09"
  integrity sha512-ot0WnXS9fgdkgIcePe6RHNk1WA8+muPa6cSjeR3V8K27q9BB1rTE3R1p7Hv0z1ZyAc8s6Vvv8DIyWf681MAt0w==

to-regex-range@^5.0.1:
  version "5.0.1"
  resolved "https://registry.yarnpkg.com/to-regex-range/-/to-regex-range-5.0.1.tgz#1648c44aae7c8d988a326018ed72f5b4dd0392e4"
  integrity sha512-65P7iz6X5yEr1cwcgvQxbbIw7Uk3gOy5dIdtZ4rDveLqhrdJP+Li/Hx6tyK0NEb+2GCyneCMJiGqrADCSNk8sQ==
  dependencies:
    is-number "^7.0.0"

tom-select@^1.4.3:
  version "1.5.0"
  resolved "https://registry.yarnpkg.com/tom-select/-/tom-select-1.5.0.tgz#a51212bee410d4375176f957dc116bd63f6ad0f1"
  integrity sha512-6nv/dGswJNkyLVnzUwYF2+EeQXF9uy769paw6njk5DhG815+rlA8xHn4BLsbuOsGvemcNwl8mPi2QKs/hZINbQ==

url-toolkit@^2.2.1:
  version "2.2.5"
  resolved "https://registry.yarnpkg.com/url-toolkit/-/url-toolkit-2.2.5.tgz#58406b18e12c58803e14624df5e374f638b0f607"
  integrity sha512-mtN6xk+Nac+oyJ/PrI7tzfmomRVNFIWKUbG8jdYFt52hxbiReFAXIjYskvu64/dvuW71IcB7lV8l0HvZMac6Jg==

"video.js@^6 || ^7", video.js@^7.18.1:
  version "7.18.1"
  resolved "https://registry.yarnpkg.com/video.js/-/video.js-7.18.1.tgz#d93cd4992710d4d95574a00e7d29a2518f9b30f7"
  integrity sha512-mnXdmkVcD5qQdKMZafDjqdhrnKGettZaGSVkExjACiylSB4r2Yt5W1bchsKmjFpfuNfszsMjTUnnoIWSSqoe/Q==
  dependencies:
    "@babel/runtime" "^7.12.5"
    "@videojs/http-streaming" "2.13.1"
    "@videojs/vhs-utils" "^3.0.4"
    "@videojs/xhr" "2.6.0"
    aes-decrypter "3.1.2"
    global "^4.4.0"
    keycode "^2.2.0"
    m3u8-parser "4.7.0"
    mpd-parser "0.21.0"
    mux.js "6.0.1"
    safe-json-parse "4.0.0"
    videojs-font "3.2.0"
    videojs-vtt.js "^0.15.3"

videojs-font@3.2.0:
  version "3.2.0"
  resolved "https://registry.yarnpkg.com/videojs-font/-/videojs-font-3.2.0.tgz#212c9d3f4e4ec3fa7345167d64316add35e92232"
  integrity sha512-g8vHMKK2/JGorSfqAZQUmYYNnXmfec4MLhwtEFS+mMs2IDY398GLysy6BH6K+aS1KMNu/xWZ8Sue/X/mdQPliA==

videojs-seek-buttons@^2.2.0:
  version "2.2.0"
  resolved "https://registry.yarnpkg.com/videojs-seek-buttons/-/videojs-seek-buttons-2.2.0.tgz#50b8da1178a5718ee5a7649fbb90a64a518103f7"
  integrity sha512-yjCA6ntq+8fRKgZi/H6QJlghQWgA1x9oSRl6wfLODAcujhynDXetwMgRKGgl4NlV5af2bKY6erNtJ0kOBko/nQ==
  dependencies:
    global "^4.4.0"
    video.js "^6 || ^7"

videojs-vtt.js@^0.15.3:
  version "0.15.3"
  resolved "https://registry.yarnpkg.com/videojs-vtt.js/-/videojs-vtt.js-0.15.3.tgz#84260393b79487fcf195d9372f812d7fab83a993"
  integrity sha512-5FvVsICuMRx6Hd7H/Y9s9GDeEtYcXQWzGMS+sl4UX3t/zoHp3y+isSfIPRochnTH7h+Bh1ILyC639xy9Z6kPag==
  dependencies:
    global "^4.3.1"

vite-plugin-ruby@^3.1.0:
  version "3.1.2"
  resolved "https://registry.yarnpkg.com/vite-plugin-ruby/-/vite-plugin-ruby-3.1.2.tgz#513297e64e3c9a2e2eace6c39856870f5aef0e90"
  integrity sha512-Pp/NR79lV96wEOjp5MhVHuFxqUhEMNqc7L/02i+XXl1Mq1ab7s2j9kAgtiqp5QKxMd1jy8gV32PgWWVOmcd7/Q==
  dependencies:
    debug "^4.3.4"
    fast-glob "^3.2.11"

vite@^3.0.0:
  version "3.1.8"
  resolved "https://registry.yarnpkg.com/vite/-/vite-3.1.8.tgz#fa29144167d19b773baffd65b3972ea4c12359c9"
  integrity sha512-m7jJe3nufUbuOfotkntGFupinL/fmuTNuQmiVE7cH2IZMuf4UbfbGYMUT3jVWgGYuRVLY9j8NnrRqgw5rr5QTg==
  dependencies:
    esbuild "^0.15.9"
    postcss "^8.4.16"
    resolve "^1.22.1"
    rollup "~2.78.0"
  optionalDependencies:
    fsevents "~2.3.2"
